// !$*UTF8*$!
{
	archiveVersion = 1;
	classes = {
	};
	objectVersion = 50;
	objects = {

/* Begin PBXBuildFile section */
		AB0E98D921484BCA002AAC22 /* Authentication.swift in Sources */ = {isa = PBXBuildFile; fileRef = AB0E98D821484BCA002AAC22 /* Authentication.swift */; };
		AB4EE06A2145B29300290BE6 /* StartVC.swift in Sources */ = {isa = PBXBuildFile; fileRef = AB4EE0692145B29300290BE6 /* StartVC.swift */; };
		AB4EE06C2145B2A600290BE6 /* SignUpVC.swift in Sources */ = {isa = PBXBuildFile; fileRef = AB4EE06B2145B2A600290BE6 /* SignUpVC.swift */; };
		ABA32ED0214E59A4001C64E8 /* GoogleService-Info.plist in Resources */ = {isa = PBXBuildFile; fileRef = ABA32ECF214E59A4001C64E8 /* GoogleService-Info.plist */; };
		ABA32ED2214E8049001C64E8 /* RoundButton.swift in Sources */ = {isa = PBXBuildFile; fileRef = AB4EE0712145B44200290BE6 /* RoundButton.swift */; };
		ABC25B66214C330600D3BDC0 /* ChatVC.swift in Sources */ = {isa = PBXBuildFile; fileRef = ABC25B65214C330600D3BDC0 /* ChatVC.swift */; };
		ABD92D7E214D1F4E00EC6E3F /* ChatScreenVC.swift in Sources */ = {isa = PBXBuildFile; fileRef = ABD92D7D214D1F4E00EC6E3F /* ChatScreenVC.swift */; };
		ABD92D82214D24D200EC6E3F /* Channel.swift in Sources */ = {isa = PBXBuildFile; fileRef = ABD92D7F214D24D100EC6E3F /* Channel.swift */; };
		ABD92D83214D24D200EC6E3F /* DatabaseRepresentation.swift in Sources */ = {isa = PBXBuildFile; fileRef = ABD92D80214D24D100EC6E3F /* DatabaseRepresentation.swift */; };
		ABD92D84214D24D200EC6E3F /* Message.swift in Sources */ = {isa = PBXBuildFile; fileRef = ABD92D81214D24D100EC6E3F /* Message.swift */; };
		ABD92D86214D282200EC6E3F /* AppController.swift in Sources */ = {isa = PBXBuildFile; fileRef = ABD92D85214D282200EC6E3F /* AppController.swift */; };
		ABD92D88214D282F00EC6E3F /* AppSettings.swift in Sources */ = {isa = PBXBuildFile; fileRef = ABD92D87214D282F00EC6E3F /* AppSettings.swift */; };
		ABD92D8A214D288200EC6E3F /* ChannelsViewController.swift in Sources */ = {isa = PBXBuildFile; fileRef = ABD92D89214D288200EC6E3F /* ChannelsViewController.swift */; };
		ABD92D8C214D289400EC6E3F /* NavigationController.swift in Sources */ = {isa = PBXBuildFile; fileRef = ABD92D8B214D289300EC6E3F /* NavigationController.swift */; };
		ABD92D94214D290900EC6E3F /* UIColor+Additions.swift in Sources */ = {isa = PBXBuildFile; fileRef = ABD92D90214D290900EC6E3F /* UIColor+Additions.swift */; };
		ABD92D95214D290900EC6E3F /* UIView+Additions.swift in Sources */ = {isa = PBXBuildFile; fileRef = ABD92D91214D290900EC6E3F /* UIView+Additions.swift */; };
		ABD92D96214D290900EC6E3F /* UIImage+Additions.swift in Sources */ = {isa = PBXBuildFile; fileRef = ABD92D92214D290900EC6E3F /* UIImage+Additions.swift */; };
		ABD92D97214D290900EC6E3F /* UICollectionView+Additions.swift in Sources */ = {isa = PBXBuildFile; fileRef = ABD92D93214D290900EC6E3F /* UICollectionView+Additions.swift */; };
		ABD92D9D214D304200EC6E3F /* MessageData.swift in Sources */ = {isa = PBXBuildFile; fileRef = ABD92D9C214D304100EC6E3F /* MessageData.swift */; };
		ABFA45D021446643007FB60D /* AppDelegate.swift in Sources */ = {isa = PBXBuildFile; fileRef = ABFA45CF21446643007FB60D /* AppDelegate.swift */; };
		ABFA45D521446643007FB60D /* Main.storyboard in Resources */ = {isa = PBXBuildFile; fileRef = ABFA45D321446643007FB60D /* Main.storyboard */; };
		ABFA45D721446646007FB60D /* Assets.xcassets in Resources */ = {isa = PBXBuildFile; fileRef = ABFA45D621446646007FB60D /* Assets.xcassets */; };
		ABFA45DA21446646007FB60D /* LaunchScreen.storyboard in Resources */ = {isa = PBXBuildFile; fileRef = ABFA45D821446646007FB60D /* LaunchScreen.storyboard */; };
		CEF952B0727546690CDE774B /* Pods_ChatApp.framework in Frameworks */ = {isa = PBXBuildFile; fileRef = 2FBFD339FDBA18C988C1D054 /* Pods_ChatApp.framework */; };
/* End PBXBuildFile section */

/* Begin PBXFileReference section */
		2FBFD339FDBA18C988C1D054 /* Pods_ChatApp.framework */ = {isa = PBXFileReference; explicitFileType = wrapper.framework; includeInIndex = 0; path = Pods_ChatApp.framework; sourceTree = BUILT_PRODUCTS_DIR; };
		4EE1D37B99103FB13947384F /* Pods-ChatApp.release.xcconfig */ = {isa = PBXFileReference; includeInIndex = 1; lastKnownFileType = text.xcconfig; name = "Pods-ChatApp.release.xcconfig"; path = "Pods/Target Support Files/Pods-ChatApp/Pods-ChatApp.release.xcconfig"; sourceTree = "<group>"; };
		AB0E98D821484BCA002AAC22 /* Authentication.swift */ = {isa = PBXFileReference; fileEncoding = 4; lastKnownFileType = sourcecode.swift; path = Authentication.swift; sourceTree = "<group>"; };
		AB4EE0692145B29300290BE6 /* StartVC.swift */ = {isa = PBXFileReference; lastKnownFileType = sourcecode.swift; path = StartVC.swift; sourceTree = "<group>"; };
		AB4EE06B2145B2A600290BE6 /* SignUpVC.swift */ = {isa = PBXFileReference; lastKnownFileType = sourcecode.swift; name = SignUpVC.swift; path = ../Model/SignUpVC.swift; sourceTree = "<group>"; };
		AB4EE0712145B44200290BE6 /* RoundButton.swift */ = {isa = PBXFileReference; lastKnownFileType = sourcecode.swift; path = RoundButton.swift; sourceTree = "<group>"; };
		ABA32ECF214E59A4001C64E8 /* GoogleService-Info.plist */ = {isa = PBXFileReference; fileEncoding = 4; lastKnownFileType = text.plist.xml; path = "GoogleService-Info.plist"; sourceTree = "<group>"; };
		ABC25B64214C2FEF00D3BDC0 /* Bridging-Header.h */ = {isa = PBXFileReference; lastKnownFileType = sourcecode.c.h; path = "Bridging-Header.h"; sourceTree = "<group>"; };
		ABC25B65214C330600D3BDC0 /* ChatVC.swift */ = {isa = PBXFileReference; lastKnownFileType = sourcecode.swift; path = ChatVC.swift; sourceTree = "<group>"; };
		ABD92D7D214D1F4E00EC6E3F /* ChatScreenVC.swift */ = {isa = PBXFileReference; lastKnownFileType = sourcecode.swift; path = ChatScreenVC.swift; sourceTree = "<group>"; };
		ABD92D7F214D24D100EC6E3F /* Channel.swift */ = {isa = PBXFileReference; fileEncoding = 4; lastKnownFileType = sourcecode.swift; name = Channel.swift; path = "../../../../../Desktop/Starter-RWRC/RWRC/Models/Channel.swift"; sourceTree = "<group>"; };
		ABD92D80214D24D100EC6E3F /* DatabaseRepresentation.swift */ = {isa = PBXFileReference; fileEncoding = 4; lastKnownFileType = sourcecode.swift; name = DatabaseRepresentation.swift; path = "../../../../../Desktop/Starter-RWRC/RWRC/Models/DatabaseRepresentation.swift"; sourceTree = "<group>"; };
		ABD92D81214D24D100EC6E3F /* Message.swift */ = {isa = PBXFileReference; fileEncoding = 4; lastKnownFileType = sourcecode.swift; name = Message.swift; path = "../../../../../Desktop/Starter-RWRC/RWRC/Models/Message.swift"; sourceTree = "<group>"; };
		ABD92D85214D282200EC6E3F /* AppController.swift */ = {isa = PBXFileReference; fileEncoding = 4; lastKnownFileType = sourcecode.swift; name = AppController.swift; path = "../../../../../Desktop/Starter-RWRC/RWRC/Controllers/AppController.swift"; sourceTree = "<group>"; };
		ABD92D87214D282F00EC6E3F /* AppSettings.swift */ = {isa = PBXFileReference; fileEncoding = 4; lastKnownFileType = sourcecode.swift; name = AppSettings.swift; path = "../../../../../Desktop/Starter-RWRC/RWRC/Controllers/AppSettings.swift"; sourceTree = "<group>"; };
		ABD92D89214D288200EC6E3F /* ChannelsViewController.swift */ = {isa = PBXFileReference; fileEncoding = 4; lastKnownFileType = sourcecode.swift; name = ChannelsViewController.swift; path = "../../../../../Desktop/Starter-RWRC/RWRC/View Controllers/ChannelsViewController.swift"; sourceTree = "<group>"; };
		ABD92D8B214D289300EC6E3F /* NavigationController.swift */ = {isa = PBXFileReference; fileEncoding = 4; lastKnownFileType = sourcecode.swift; name = NavigationController.swift; path = "../../../../Desktop/Starter-RWRC/RWRC/View Controllers/NavigationController.swift"; sourceTree = "<group>"; };
		ABD92D90214D290900EC6E3F /* UIColor+Additions.swift */ = {isa = PBXFileReference; fileEncoding = 4; lastKnownFileType = sourcecode.swift; name = "UIColor+Additions.swift"; path = "../../../../../Desktop/Starter-RWRC/RWRC/Extensions/UIColor+Additions.swift"; sourceTree = "<group>"; };
		ABD92D91214D290900EC6E3F /* UIView+Additions.swift */ = {isa = PBXFileReference; fileEncoding = 4; lastKnownFileType = sourcecode.swift; name = "UIView+Additions.swift"; path = "../../../../../Desktop/Starter-RWRC/RWRC/Extensions/UIView+Additions.swift"; sourceTree = "<group>"; };
		ABD92D92214D290900EC6E3F /* UIImage+Additions.swift */ = {isa = PBXFileReference; fileEncoding = 4; lastKnownFileType = sourcecode.swift; name = "UIImage+Additions.swift"; path = "../../../../../Desktop/Starter-RWRC/RWRC/Extensions/UIImage+Additions.swift"; sourceTree = "<group>"; };
		ABD92D93214D290900EC6E3F /* UICollectionView+Additions.swift */ = {isa = PBXFileReference; fileEncoding = 4; lastKnownFileType = sourcecode.swift; name = "UICollectionView+Additions.swift"; path = "../../../../../Desktop/Starter-RWRC/RWRC/Extensions/UICollectionView+Additions.swift"; sourceTree = "<group>"; };
		ABD92D9C214D304100EC6E3F /* MessageData.swift */ = {isa = PBXFileReference; fileEncoding = 4; lastKnownFileType = sourcecode.swift; path = MessageData.swift; sourceTree = "<group>"; };
		ABFA45CC21446643007FB60D /* ChatApp.app */ = {isa = PBXFileReference; explicitFileType = wrapper.application; includeInIndex = 0; path = ChatApp.app; sourceTree = BUILT_PRODUCTS_DIR; };
		ABFA45CF21446643007FB60D /* AppDelegate.swift */ = {isa = PBXFileReference; lastKnownFileType = sourcecode.swift; path = AppDelegate.swift; sourceTree = "<group>"; };
		ABFA45D421446643007FB60D /* Base */ = {isa = PBXFileReference; lastKnownFileType = file.storyboard; name = Base; path = Base.lproj/Main.storyboard; sourceTree = "<group>"; };
		ABFA45D621446646007FB60D /* Assets.xcassets */ = {isa = PBXFileReference; lastKnownFileType = folder.assetcatalog; path = Assets.xcassets; sourceTree = "<group>"; };
		ABFA45D921446646007FB60D /* Base */ = {isa = PBXFileReference; lastKnownFileType = file.storyboard; name = Base; path = Base.lproj/LaunchScreen.storyboard; sourceTree = "<group>"; };
		ABFA45DB21446646007FB60D /* Info.plist */ = {isa = PBXFileReference; lastKnownFileType = text.plist.xml; path = Info.plist; sourceTree = "<group>"; };
		E56711AF3BB739528CF262F0 /* Pods-ChatApp.debug.xcconfig */ = {isa = PBXFileReference; includeInIndex = 1; lastKnownFileType = text.xcconfig; name = "Pods-ChatApp.debug.xcconfig"; path = "Pods/Target Support Files/Pods-ChatApp/Pods-ChatApp.debug.xcconfig"; sourceTree = "<group>"; };
/* End PBXFileReference section */

/* Begin PBXFrameworksBuildPhase section */
		ABFA45C921446642007FB60D /* Frameworks */ = {
			isa = PBXFrameworksBuildPhase;
			buildActionMask = 2147483647;
			files = (
				CEF952B0727546690CDE774B /* Pods_ChatApp.framework in Frameworks */,
			);
			runOnlyForDeploymentPostprocessing = 0;
		};
/* End PBXFrameworksBuildPhase section */

/* Begin PBXGroup section */
		319AAEFC8C1AC14128945440 /* Frameworks */ = {
			isa = PBXGroup;
			children = (
				2FBFD339FDBA18C988C1D054 /* Pods_ChatApp.framework */,
			);
			name = Frameworks;
			sourceTree = "<group>";
		};
		763B1F7B2E6C270D16F3DB99 /* Pods */ = {
			isa = PBXGroup;
			children = (
				E56711AF3BB739528CF262F0 /* Pods-ChatApp.debug.xcconfig */,
				4EE1D37B99103FB13947384F /* Pods-ChatApp.release.xcconfig */,
			);
			name = Pods;
			sourceTree = "<group>";
		};
		AB4EE06D2145B2AD00290BE6 /* Controllers */ = {
			isa = PBXGroup;
			children = (
				ABFA45CF21446643007FB60D /* AppDelegate.swift */,
				ABD92D87214D282F00EC6E3F /* AppSettings.swift */,
				ABD92D85214D282200EC6E3F /* AppController.swift */,
				ABD92D89214D288200EC6E3F /* ChannelsViewController.swift */,
				AB4EE06B2145B2A600290BE6 /* SignUpVC.swift */,
				AB4EE0692145B29300290BE6 /* StartVC.swift */,
				ABC25B65214C330600D3BDC0 /* ChatVC.swift */,
				ABD92D7D214D1F4E00EC6E3F /* ChatScreenVC.swift */,
			);
			path = Controllers;
			sourceTree = "<group>";
		};
		AB4EE0702145B43A00290BE6 /* Model */ = {
			isa = PBXGroup;
			children = (
				AB0E98D821484BCA002AAC22 /* Authentication.swift */,
				AB4EE0712145B44200290BE6 /* RoundButton.swift */,
				ABD92D7F214D24D100EC6E3F /* Channel.swift */,
				ABD92D80214D24D100EC6E3F /* DatabaseRepresentation.swift */,
				ABD92D81214D24D100EC6E3F /* Message.swift */,
			);
			path = Model;
			sourceTree = "<group>";
		};
		ABA32ED1214E735B001C64E8 /* View Controllers */ = {
			isa = PBXGroup;
			children = (
			);
			path = "View Controllers";
			sourceTree = "<group>";
		};
		ABD92D8F214D28EC00EC6E3F /* Extensions */ = {
			isa = PBXGroup;
			children = (
				ABD92D93214D290900EC6E3F /* UICollectionView+Additions.swift */,
				ABD92D90214D290900EC6E3F /* UIColor+Additions.swift */,
				ABD92D92214D290900EC6E3F /* UIImage+Additions.swift */,
				ABD92D91214D290900EC6E3F /* UIView+Additions.swift */,
			);
			path = Extensions;
			sourceTree = "<group>";
		};
		ABFA45C321446642007FB60D = {
			isa = PBXGroup;
			children = (
				ABFA45CE21446643007FB60D /* ChatApp */,
				ABFA45CD21446643007FB60D /* Products */,
				763B1F7B2E6C270D16F3DB99 /* Pods */,
				319AAEFC8C1AC14128945440 /* Frameworks */,
			);
			sourceTree = "<group>";
		};
		ABFA45CD21446643007FB60D /* Products */ = {
			isa = PBXGroup;
			children = (
				ABFA45CC21446643007FB60D /* ChatApp.app */,
			);
			name = Products;
			sourceTree = "<group>";
		};
		ABFA45CE21446643007FB60D /* ChatApp */ = {
			isa = PBXGroup;
			children = (
				ABD92D8F214D28EC00EC6E3F /* Extensions */,
				AB4EE0702145B43A00290BE6 /* Model */,
				ABA32ED1214E735B001C64E8 /* View Controllers */,
				AB4EE06D2145B2AD00290BE6 /* Controllers */,
				ABD92D8B214D289300EC6E3F /* NavigationController.swift */,
				ABD92D9C214D304100EC6E3F /* MessageData.swift */,
				ABFA45D321446643007FB60D /* Main.storyboard */,
				ABFA45D621446646007FB60D /* Assets.xcassets */,
				ABFA45D821446646007FB60D /* LaunchScreen.storyboard */,
				ABFA45DB21446646007FB60D /* Info.plist */,
				ABA32ECF214E59A4001C64E8 /* GoogleService-Info.plist */,
				ABC25B64214C2FEF00D3BDC0 /* Bridging-Header.h */,
			);
			path = ChatApp;
			sourceTree = "<group>";
		};
/* End PBXGroup section */

/* Begin PBXNativeTarget section */
		ABFA45CB21446642007FB60D /* ChatApp */ = {
			isa = PBXNativeTarget;
			buildConfigurationList = ABFA45DE21446646007FB60D /* Build configuration list for PBXNativeTarget "ChatApp" */;
			buildPhases = (
				520762C2E520952551C0E6A2 /* [CP] Check Pods Manifest.lock */,
				ABFA45C821446642007FB60D /* Sources */,
				ABFA45C921446642007FB60D /* Frameworks */,
				ABFA45CA21446642007FB60D /* Resources */,
				86C37618938120F1A9716098 /* [CP] Embed Pods Frameworks */,
			);
			buildRules = (
			);
			dependencies = (
			);
			name = ChatApp;
			productName = ChatApp;
			productReference = ABFA45CC21446643007FB60D /* ChatApp.app */;
			productType = "com.apple.product-type.application";
		};
/* End PBXNativeTarget section */

/* Begin PBXProject section */
		ABFA45C421446642007FB60D /* Project object */ = {
			isa = PBXProject;
			attributes = {
				LastSwiftUpdateCheck = 0940;
				LastUpgradeCheck = 0940;
				ORGANIZATIONNAME = "Hasan Tahir";
				TargetAttributes = {
					ABFA45CB21446642007FB60D = {
						CreatedOnToolsVersion = 9.4.1;
					};
				};
			};
			buildConfigurationList = ABFA45C721446642007FB60D /* Build configuration list for PBXProject "ChatApp" */;
			compatibilityVersion = "Xcode 9.3";
			developmentRegion = en;
			hasScannedForEncodings = 0;
			knownRegions = (
				en,
				Base,
			);
			mainGroup = ABFA45C321446642007FB60D;
			productRefGroup = ABFA45CD21446643007FB60D /* Products */;
			projectDirPath = "";
			projectRoot = "";
			targets = (
				ABFA45CB21446642007FB60D /* ChatApp */,
			);
		};
/* End PBXProject section */

/* Begin PBXResourcesBuildPhase section */
		ABFA45CA21446642007FB60D /* Resources */ = {
			isa = PBXResourcesBuildPhase;
			buildActionMask = 2147483647;
			files = (
				ABFA45DA21446646007FB60D /* LaunchScreen.storyboard in Resources */,
				ABA32ED0214E59A4001C64E8 /* GoogleService-Info.plist in Resources */,
				ABFA45D721446646007FB60D /* Assets.xcassets in Resources */,
				ABFA45D521446643007FB60D /* Main.storyboard in Resources */,
			);
			runOnlyForDeploymentPostprocessing = 0;
		};
/* End PBXResourcesBuildPhase section */

/* Begin PBXShellScriptBuildPhase section */
		520762C2E520952551C0E6A2 /* [CP] Check Pods Manifest.lock */ = {
			isa = PBXShellScriptBuildPhase;
			buildActionMask = 2147483647;
			files = (
			);
			inputPaths = (
				"${PODS_PODFILE_DIR_PATH}/Podfile.lock",
				"${PODS_ROOT}/Manifest.lock",
			);
			name = "[CP] Check Pods Manifest.lock";
			outputPaths = (
				"$(DERIVED_FILE_DIR)/Pods-ChatApp-checkManifestLockResult.txt",
			);
			runOnlyForDeploymentPostprocessing = 0;
			shellPath = /bin/sh;
			shellScript = "diff \"${PODS_PODFILE_DIR_PATH}/Podfile.lock\" \"${PODS_ROOT}/Manifest.lock\" > /dev/null\nif [ $? != 0 ] ; then\n    # print error to STDERR\n    echo \"error: The sandbox is not in sync with the Podfile.lock. Run 'pod install' or update your CocoaPods installation.\" >&2\n    exit 1\nfi\n# This output is used by Xcode 'outputs' to avoid re-running this script phase.\necho \"SUCCESS\" > \"${SCRIPT_OUTPUT_FILE_0}\"\n";
			showEnvVarsInLog = 0;
		};
		86C37618938120F1A9716098 /* [CP] Embed Pods Frameworks */ = {
			isa = PBXShellScriptBuildPhase;
			buildActionMask = 2147483647;
			files = (
			);
			inputPaths = (
				"${SRCROOT}/Pods/Target Support Files/Pods-ChatApp/Pods-ChatApp-frameworks.sh",
				"${BUILT_PRODUCTS_DIR}/BoringSSL/openssl.framework",
				"${BUILT_PRODUCTS_DIR}/CountryPickerView/CountryPickerView.framework",
				"${BUILT_PRODUCTS_DIR}/GTMSessionFetcher/GTMSessionFetcher.framework",
				"${BUILT_PRODUCTS_DIR}/GoogleUtilities/GoogleUtilities.framework",
				"${BUILT_PRODUCTS_DIR}/JSQMessagesViewController/JSQMessagesViewController.framework",
				"${BUILT_PRODUCTS_DIR}/JSQSystemSoundPlayer/JSQSystemSoundPlayer.framework",
				"${BUILT_PRODUCTS_DIR}/MessageKit/MessageKit.framework",
				"${BUILT_PRODUCTS_DIR}/Protobuf/Protobuf.framework",
				"${BUILT_PRODUCTS_DIR}/gRPC/GRPCClient.framework",
				"${BUILT_PRODUCTS_DIR}/gRPC-Core/grpc.framework",
				"${BUILT_PRODUCTS_DIR}/gRPC-ProtoRPC/ProtoRPC.framework",
				"${BUILT_PRODUCTS_DIR}/gRPC-RxLibrary/RxLibrary.framework",
				"${BUILT_PRODUCTS_DIR}/leveldb-library/leveldb.framework",
				"${BUILT_PRODUCTS_DIR}/nanopb/nanopb.framework",
			);
			name = "[CP] Embed Pods Frameworks";
			outputPaths = (
				"${TARGET_BUILD_DIR}/${FRAMEWORKS_FOLDER_PATH}/openssl.framework",
				"${TARGET_BUILD_DIR}/${FRAMEWORKS_FOLDER_PATH}/CountryPickerView.framework",
				"${TARGET_BUILD_DIR}/${FRAMEWORKS_FOLDER_PATH}/GTMSessionFetcher.framework",
				"${TARGET_BUILD_DIR}/${FRAMEWORKS_FOLDER_PATH}/GoogleUtilities.framework",
				"${TARGET_BUILD_DIR}/${FRAMEWORKS_FOLDER_PATH}/JSQMessagesViewController.framework",
				"${TARGET_BUILD_DIR}/${FRAMEWORKS_FOLDER_PATH}/JSQSystemSoundPlayer.framework",
				"${TARGET_BUILD_DIR}/${FRAMEWORKS_FOLDER_PATH}/MessageKit.framework",
				"${TARGET_BUILD_DIR}/${FRAMEWORKS_FOLDER_PATH}/Protobuf.framework",
				"${TARGET_BUILD_DIR}/${FRAMEWORKS_FOLDER_PATH}/GRPCClient.framework",
				"${TARGET_BUILD_DIR}/${FRAMEWORKS_FOLDER_PATH}/grpc.framework",
				"${TARGET_BUILD_DIR}/${FRAMEWORKS_FOLDER_PATH}/ProtoRPC.framework",
				"${TARGET_BUILD_DIR}/${FRAMEWORKS_FOLDER_PATH}/RxLibrary.framework",
				"${TARGET_BUILD_DIR}/${FRAMEWORKS_FOLDER_PATH}/leveldb.framework",
				"${TARGET_BUILD_DIR}/${FRAMEWORKS_FOLDER_PATH}/nanopb.framework",
			);
			runOnlyForDeploymentPostprocessing = 0;
			shellPath = /bin/sh;
			shellScript = "\"${SRCROOT}/Pods/Target Support Files/Pods-ChatApp/Pods-ChatApp-frameworks.sh\"\n";
			showEnvVarsInLog = 0;
		};
/* End PBXShellScriptBuildPhase section */

/* Begin PBXSourcesBuildPhase section */
		ABFA45C821446642007FB60D /* Sources */ = {
			isa = PBXSourcesBuildPhase;
			buildActionMask = 2147483647;
			files = (
				ABC25B66214C330600D3BDC0 /* ChatVC.swift in Sources */,
				ABD92D82214D24D200EC6E3F /* Channel.swift in Sources */,
				ABD92D88214D282F00EC6E3F /* AppSettings.swift in Sources */,
				ABD92D95214D290900EC6E3F /* UIView+Additions.swift in Sources */,
				ABA32ED2214E8049001C64E8 /* RoundButton.swift in Sources */,
				ABFA45D021446643007FB60D /* AppDelegate.swift in Sources */,
				ABD92D8C214D289400EC6E3F /* NavigationController.swift in Sources */,
				ABD92D96214D290900EC6E3F /* UIImage+Additions.swift in Sources */,
				AB4EE06C2145B2A600290BE6 /* SignUpVC.swift in Sources */,
				ABD92D86214D282200EC6E3F /* AppController.swift in Sources */,
				AB0E98D921484BCA002AAC22 /* Authentication.swift in Sources */,
				ABD92D83214D24D200EC6E3F /* DatabaseRepresentation.swift in Sources */,
				ABD92D84214D24D200EC6E3F /* Message.swift in Sources */,
				ABD92D94214D290900EC6E3F /* UIColor+Additions.swift in Sources */,
				ABD92D9D214D304200EC6E3F /* MessageData.swift in Sources */,
				ABD92D97214D290900EC6E3F /* UICollectionView+Additions.swift in Sources */,
				ABD92D8A214D288200EC6E3F /* ChannelsViewController.swift in Sources */,
				AB4EE06A2145B29300290BE6 /* StartVC.swift in Sources */,
				ABD92D7E214D1F4E00EC6E3F /* ChatScreenVC.swift in Sources */,
			);
			runOnlyForDeploymentPostprocessing = 0;
		};
/* End PBXSourcesBuildPhase section */

/* Begin PBXVariantGroup section */
		ABFA45D321446643007FB60D /* Main.storyboard */ = {
			isa = PBXVariantGroup;
			children = (
				ABFA45D421446643007FB60D /* Base */,
			);
			name = Main.storyboard;
			sourceTree = "<group>";
		};
		ABFA45D821446646007FB60D /* LaunchScreen.storyboard */ = {
			isa = PBXVariantGroup;
			children = (
				ABFA45D921446646007FB60D /* Base */,
			);
			name = LaunchScreen.storyboard;
			sourceTree = "<group>";
		};
/* End PBXVariantGroup section */

/* Begin XCBuildConfiguration section */
		ABFA45DC21446646007FB60D /* Debug */ = {
			isa = XCBuildConfiguration;
			buildSettings = {
				ALWAYS_SEARCH_USER_PATHS = NO;
				CLANG_ANALYZER_NONNULL = YES;
				CLANG_ANALYZER_NUMBER_OBJECT_CONVERSION = YES_AGGRESSIVE;
				CLANG_CXX_LANGUAGE_STANDARD = "gnu++14";
				CLANG_CXX_LIBRARY = "libc++";
				CLANG_ENABLE_MODULES = YES;
				CLANG_ENABLE_OBJC_ARC = YES;
				CLANG_ENABLE_OBJC_WEAK = YES;
				CLANG_WARN_BLOCK_CAPTURE_AUTORELEASING = YES;
				CLANG_WARN_BOOL_CONVERSION = YES;
				CLANG_WARN_COMMA = YES;
				CLANG_WARN_CONSTANT_CONVERSION = YES;
				CLANG_WARN_DEPRECATED_OBJC_IMPLEMENTATIONS = YES;
				CLANG_WARN_DIRECT_OBJC_ISA_USAGE = YES_ERROR;
				CLANG_WARN_DOCUMENTATION_COMMENTS = YES;
				CLANG_WARN_EMPTY_BODY = YES;
				CLANG_WARN_ENUM_CONVERSION = YES;
				CLANG_WARN_INFINITE_RECURSION = YES;
				CLANG_WARN_INT_CONVERSION = YES;
				CLANG_WARN_NON_LITERAL_NULL_CONVERSION = YES;
				CLANG_WARN_OBJC_IMPLICIT_RETAIN_SELF = YES;
				CLANG_WARN_OBJC_LITERAL_CONVERSION = YES;
				CLANG_WARN_OBJC_ROOT_CLASS = YES_ERROR;
				CLANG_WARN_RANGE_LOOP_ANALYSIS = YES;
				CLANG_WARN_STRICT_PROTOTYPES = YES;
				CLANG_WARN_SUSPICIOUS_MOVE = YES;
				CLANG_WARN_UNGUARDED_AVAILABILITY = YES_AGGRESSIVE;
				CLANG_WARN_UNREACHABLE_CODE = YES;
				CLANG_WARN__DUPLICATE_METHOD_MATCH = YES;
				CODE_SIGN_IDENTITY = "iPhone Developer";
				COPY_PHASE_STRIP = NO;
				DEBUG_INFORMATION_FORMAT = dwarf;
				ENABLE_STRICT_OBJC_MSGSEND = YES;
				ENABLE_TESTABILITY = YES;
				GCC_C_LANGUAGE_STANDARD = gnu11;
				GCC_DYNAMIC_NO_PIC = NO;
				GCC_NO_COMMON_BLOCKS = YES;
				GCC_OPTIMIZATION_LEVEL = 0;
				GCC_PREPROCESSOR_DEFINITIONS = (
					"DEBUG=1",
					"$(inherited)",
				);
				GCC_WARN_64_TO_32_BIT_CONVERSION = YES;
				GCC_WARN_ABOUT_RETURN_TYPE = YES_ERROR;
				GCC_WARN_UNDECLARED_SELECTOR = YES;
				GCC_WARN_UNINITIALIZED_AUTOS = YES_AGGRESSIVE;
				GCC_WARN_UNUSED_FUNCTION = YES;
				GCC_WARN_UNUSED_VARIABLE = YES;
				IPHONEOS_DEPLOYMENT_TARGET = 11.4;
				MTL_ENABLE_DEBUG_INFO = YES;
				ONLY_ACTIVE_ARCH = YES;
				SDKROOT = iphoneos;
				SWIFT_ACTIVE_COMPILATION_CONDITIONS = DEBUG;
				SWIFT_OPTIMIZATION_LEVEL = "-Onone";
			};
			name = Debug;
		};
		ABFA45DD21446646007FB60D /* Release */ = {
			isa = XCBuildConfiguration;
			buildSettings = {
				ALWAYS_SEARCH_USER_PATHS = NO;
				CLANG_ANALYZER_NONNULL = YES;
				CLANG_ANALYZER_NUMBER_OBJECT_CONVERSION = YES_AGGRESSIVE;
				CLANG_CXX_LANGUAGE_STANDARD = "gnu++14";
				CLANG_CXX_LIBRARY = "libc++";
				CLANG_ENABLE_MODULES = YES;
				CLANG_ENABLE_OBJC_ARC = YES;
				CLANG_ENABLE_OBJC_WEAK = YES;
				CLANG_WARN_BLOCK_CAPTURE_AUTORELEASING = YES;
				CLANG_WARN_BOOL_CONVERSION = YES;
				CLANG_WARN_COMMA = YES;
				CLANG_WARN_CONSTANT_CONVERSION = YES;
				CLANG_WARN_DEPRECATED_OBJC_IMPLEMENTATIONS = YES;
				CLANG_WARN_DIRECT_OBJC_ISA_USAGE = YES_ERROR;
				CLANG_WARN_DOCUMENTATION_COMMENTS = YES;
				CLANG_WARN_EMPTY_BODY = YES;
				CLANG_WARN_ENUM_CONVERSION = YES;
				CLANG_WARN_INFINITE_RECURSION = YES;
				CLANG_WARN_INT_CONVERSION = YES;
				CLANG_WARN_NON_LITERAL_NULL_CONVERSION = YES;
				CLANG_WARN_OBJC_IMPLICIT_RETAIN_SELF = YES;
				CLANG_WARN_OBJC_LITERAL_CONVERSION = YES;
				CLANG_WARN_OBJC_ROOT_CLASS = YES_ERROR;
				CLANG_WARN_RANGE_LOOP_ANALYSIS = YES;
				CLANG_WARN_STRICT_PROTOTYPES = YES;
				CLANG_WARN_SUSPICIOUS_MOVE = YES;
				CLANG_WARN_UNGUARDED_AVAILABILITY = YES_AGGRESSIVE;
				CLANG_WARN_UNREACHABLE_CODE = YES;
				CLANG_WARN__DUPLICATE_METHOD_MATCH = YES;
				CODE_SIGN_IDENTITY = "iPhone Developer";
				COPY_PHASE_STRIP = NO;
				DEBUG_INFORMATION_FORMAT = "dwarf-with-dsym";
				ENABLE_NS_ASSERTIONS = NO;
				ENABLE_STRICT_OBJC_MSGSEND = YES;
				GCC_C_LANGUAGE_STANDARD = gnu11;
				GCC_NO_COMMON_BLOCKS = YES;
				GCC_WARN_64_TO_32_BIT_CONVERSION = YES;
				GCC_WARN_ABOUT_RETURN_TYPE = YES_ERROR;
				GCC_WARN_UNDECLARED_SELECTOR = YES;
				GCC_WARN_UNINITIALIZED_AUTOS = YES_AGGRESSIVE;
				GCC_WARN_UNUSED_FUNCTION = YES;
				GCC_WARN_UNUSED_VARIABLE = YES;
				IPHONEOS_DEPLOYMENT_TARGET = 11.4;
				MTL_ENABLE_DEBUG_INFO = NO;
				SDKROOT = iphoneos;
				SWIFT_COMPILATION_MODE = wholemodule;
				SWIFT_OPTIMIZATION_LEVEL = "-O";
				VALIDATE_PRODUCT = YES;
			};
			name = Release;
		};
		ABFA45DF21446646007FB60D /* Debug */ = {
			isa = XCBuildConfiguration;
			baseConfigurationReference = E56711AF3BB739528CF262F0 /* Pods-ChatApp.debug.xcconfig */;
			buildSettings = {
				ASSETCATALOG_COMPILER_APPICON_NAME = AppIcon;
				CODE_SIGN_STYLE = Automatic;
				INFOPLIST_FILE = ChatApp/Info.plist;
				LD_RUNPATH_SEARCH_PATHS = (
					"$(inherited)",
					"@executable_path/Frameworks",
				);
				PRODUCT_BUNDLE_IDENTIFIER = Hasan.ChatApp;
				PRODUCT_NAME = "$(TARGET_NAME)";
				SWIFT_OBJC_BRIDGING_HEADER = "Bridging-Header.h";
				SWIFT_VERSION = 4.0;
				TARGETED_DEVICE_FAMILY = "1,2";
			};
			name = Debug;
		};
		ABFA45E021446646007FB60D /* Release */ = {
			isa = XCBuildConfiguration;
			baseConfigurationReference = 4EE1D37B99103FB13947384F /* Pods-ChatApp.release.xcconfig */;
			buildSettings = {
				ASSETCATALOG_COMPILER_APPICON_NAME = AppIcon;
				CODE_SIGN_STYLE = Automatic;
				INFOPLIST_FILE = ChatApp/Info.plist;
				LD_RUNPATH_SEARCH_PATHS = (
					"$(inherited)",
					"@executable_path/Frameworks",
				);
				PRODUCT_BUNDLE_IDENTIFIER = Hasan.ChatApp;
				PRODUCT_NAME = "$(TARGET_NAME)";
				SWIFT_OBJC_BRIDGING_HEADER = "Bridging-Header.h";
				SWIFT_VERSION = 4.0;
				TARGETED_DEVICE_FAMILY = "1,2";
			};
			name = Release;
		};
/* End XCBuildConfiguration section */

/* Begin XCConfigurationList section */
		ABFA45C721446642007FB60D /* Build configuration list for PBXProject "ChatApp" */ = {
			isa = XCConfigurationList;
			buildConfigurations = (
				ABFA45DC21446646007FB60D /* Debug */,
				ABFA45DD21446646007FB60D /* Release */,
			);
			defaultConfigurationIsVisible = 0;
			defaultConfigurationName = Release;
		};
		ABFA45DE21446646007FB60D /* Build configuration list for PBXNativeTarget "ChatApp" */ = {
			isa = XCConfigurationList;
			buildConfigurations = (
				ABFA45DF21446646007FB60D /* Debug */,
				ABFA45E021446646007FB60D /* Release */,
			);
			defaultConfigurationIsVisible = 0;
			defaultConfigurationName = Release;
		};
/* End XCConfigurationList section */
	};
	rootObject = ABFA45C421446642007FB60D /* Project object */;
}
